
Microsoft Visual Studio Solution File, Format Version 12.00
# Visual Studio 14
VisualStudioVersion = 14.0.25420.1
MinimumVisualStudioVersion = 10.0.40219.1
Project("{FAE04EC0-301F-11D3-BF4B-00C04F79EFBC}") = "iModSCCredenciamento", "iModSCCredenciamento\iModSCCredenciamento.csproj", "{974F5875-4CFB-4926-8273-D1BF96AC8242}"
EndProject
Project("{FAE04EC0-301F-11D3-BF4B-00C04F79EFBC}") = "iModSCCredenciamentoAPP", "iModSCCredenciamentoAPP\iModSCCredenciamentoAPP.csproj", "{FDF601A5-33E0-417A-8C59-53811776C553}"
EndProject
Global
	GlobalSection(SolutionConfigurationPlatforms) = preSolution
		Debug|Any CPU = Debug|Any CPU
		Release|Any CPU = Release|Any CPU
	EndGlobalSection
	GlobalSection(ProjectConfigurationPlatforms) = postSolution
		{974F5875-4CFB-4926-8273-D1BF96AC8242}.Debug|Any CPU.ActiveCfg = Debug|Any CPU
		{974F5875-4CFB-4926-8273-D1BF96AC8242}.Debug|Any CPU.Build.0 = Debug|Any CPU
		{974F5875-4CFB-4926-8273-D1BF96AC8242}.Release|Any CPU.ActiveCfg = Release|Any CPU
		{974F5875-4CFB-4926-8273-D1BF96AC8242}.Release|Any CPU.Build.0 = Release|Any CPU
		{FDF601A5-33E0-417A-8C59-53811776C553}.Debug|Any CPU.ActiveCfg = Debug|Any CPU
		{FDF601A5-33E0-417A-8C59-53811776C553}.Debug|Any CPU.Build.0 = Debug|Any CPU
		{FDF601A5-33E0-417A-8C59-53811776C553}.Release|Any CPU.ActiveCfg = Release|Any CPU
		{FDF601A5-33E0-417A-8C59-53811776C553}.Release|Any CPU.Build.0 = Release|Any CPU
	EndGlobalSection
	GlobalSection(SolutionProperties) = preSolution
		HideSolutionNode = FALSE
	EndGlobalSection
	GlobalSection(ExtensibilityGlobals) = postSolution
		SolutionGuid = {7C56DFBC-6B7E-4788-B873-83C9C4056EDF}
	EndGlobalSection
EndGlobal
